<?xml version="1.0" encoding="utf-8"?>
<Project ToolsVersion="4.0" xmlns="http://schemas.microsoft.com/developer/msbuild/2003">
  <ItemGroup>
    <Filter Include="Archivos de origen">
      <UniqueIdentifier>{4FC737F1-C7A5-4376-A066-2A32D752A2FF}</UniqueIdentifier>
      <Extensions>cpp;c;cc;cxx;c++;cppm;ixx;def;odl;idl;hpj;bat;asm;asmx</Extensions>
    </Filter>
    <Filter Include="Archivos de encabezado">
      <UniqueIdentifier>{93995380-89BD-4b04-88EB-625FBE52EBFB}</UniqueIdentifier>
      <Extensions>h;hh;hpp;hxx;h++;hm;inl;inc;ipp;xsd</Extensions>
    </Filter>
    <Filter Include="Archivos de recursos">
      <UniqueIdentifier>{67DA6AB6-F800-4c08-8B7A-83BB121AAD01}</UniqueIdentifier>
      <Extensions>rc;ico;cur;bmp;dlg;rc2;rct;bin;rgs;gif;jpg;jpeg;jpe;resx;tiff;tif;png;wav;mfcribbon-ms</Extensions>
    </Filter>
    <Filter Include="Archivos de encabezado\imgui">
      <UniqueIdentifier>{67813b87-c266-42ff-80b8-d80c331249dc}</UniqueIdentifier>
    </Filter>
    <Filter Include="Archivos de origen\imgui">
      <UniqueIdentifier>{502762aa-386a-420a-b7bc-d11d4cd8f1ef}</UniqueIdentifier>
    </Filter>
    <Filter Include="Archivos de encabezado\imgui\backends">
      <UniqueIdentifier>{51b0de08-6f0a-4468-b8fa-30b7671ede27}</UniqueIdentifier>
    </Filter>
    <Filter Include="Archivos de origen\imgui\backends">
      <UniqueIdentifier>{5ec61e62-6722-42f3-a491-51f8cd4471a0}</UniqueIdentifier>
    </Filter>
    <Filter Include="Archivos de origen\glad">
      <UniqueIdentifier>{45e8cda9-6842-4256-ada8-8f7dca6036a7}</UniqueIdentifier>
    </Filter>
  </ItemGroup>
  <ItemGroup>
    <ClCompile Include="..\..\Src\TFG-2023-2024-UCM\main.cpp">
      <Filter>Archivos de origen</Filter>
    </ClCompile>
    <ClCompile Include="..\..\Dependencies\imgui-1.89.8\imgui_widgets.cpp">
      <Filter>Archivos de origen\imgui</Filter>
    </ClCompile>
    <ClCompile Include="..\..\Dependencies\imgui-1.89.8\imgui.cpp">
      <Filter>Archivos de origen\imgui</Filter>
    </ClCompile>
    <ClCompile Include="..\..\Dependencies\imgui-1.89.8\imgui_demo.cpp">
      <Filter>Archivos de origen\imgui</Filter>
    </ClCompile>
    <ClCompile Include="..\..\Dependencies\imgui-1.89.8\imgui_draw.cpp">
      <Filter>Archivos de origen\imgui</Filter>
    </ClCompile>
    <ClCompile Include="..\..\Dependencies\imgui-1.89.8\imgui_tables.cpp">
      <Filter>Archivos de origen\imgui</Filter>
    </ClCompile>
    <ClCompile Include="..\..\Dependencies\glad\glad.c">
      <Filter>Archivos de origen\glad</Filter>
    </ClCompile>
    <ClCompile Include="..\..\Dependencies\imgui-1.89.8\backends\imgui_impl_glfw.cpp">
      <Filter>Archivos de origen\imgui\backends</Filter>
    </ClCompile>
    <ClCompile Include="..\..\Dependencies\imgui-1.89.8\backends\imgui_impl_opengl3.cpp">
      <Filter>Archivos de origen\imgui\backends</Filter>
    </ClCompile>
    <ClCompile Include="..\..\Src\TFG-2023-2024-UCM\App.cpp">
      <Filter>Archivos de origen</Filter>
    </ClCompile>
    <ClCompile Include="..\..\Src\TFG-2023-2024-UCM\Camera.cpp">
      <Filter>Archivos de origen</Filter>
    </ClCompile>
    <ClCompile Include="..\..\Src\TFG-2023-2024-UCM\Viewport.cpp">
      <Filter>Archivos de origen</Filter>
    </ClCompile>
    <ClCompile Include="..\..\Src\TFG-2023-2024-UCM\Triangle.cpp">
      <Filter>Archivos de origen</Filter>
    </ClCompile>
    <ClCompile Include="..\..\Src\TFG-2023-2024-UCM\ParticleSimulation.cpp">
      <Filter>Archivos de origen</Filter>
    </ClCompile>
    <ClCompile Include="..\..\Src\TFG-2023-2024-UCM\Quad.cpp">
      <Filter>Archivos de origen</Filter>
    </ClCompile>
    <ClCompile Include="..\..\Src\TFG-2023-2024-UCM\Particle.cpp">
      <Filter>Archivos de origen</Filter>
    </ClCompile>
  </ItemGroup>
  <ItemGroup>
    <ClInclude Include="..\..\Dependencies\imgui-1.89.8\imstb_truetype.h">
      <Filter>Archivos de encabezado\imgui</Filter>
    </ClInclude>
    <ClInclude Include="..\..\Dependencies\imgui-1.89.8\imconfig.h">
      <Filter>Archivos de encabezado\imgui</Filter>
    </ClInclude>
    <ClInclude Include="..\..\Dependencies\imgui-1.89.8\imgui.h">
      <Filter>Archivos de encabezado\imgui</Filter>
    </ClInclude>
    <ClInclude Include="..\..\Dependencies\imgui-1.89.8\imgui_internal.h">
      <Filter>Archivos de encabezado\imgui</Filter>
    </ClInclude>
    <ClInclude Include="..\..\Dependencies\imgui-1.89.8\imstb_rectpack.h">
      <Filter>Archivos de encabezado\imgui</Filter>
    </ClInclude>
    <ClInclude Include="..\..\Dependencies\imgui-1.89.8\imstb_textedit.h">
      <Filter>Archivos de encabezado\imgui</Filter>
    </ClInclude>
    <ClInclude Include="..\..\Dependencies\imgui-1.89.8\backends\imgui_impl_opengl3.h">
      <Filter>Archivos de encabezado\imgui\backends</Filter>
    </ClInclude>
    <ClInclude Include="..\..\Dependencies\imgui-1.89.8\backends\imgui_impl_glfw.h">
      <Filter>Archivos de encabezado\imgui\backends</Filter>
    </ClInclude>
    <ClInclude Include="..\..\Src\TFG-2023-2024-UCM\App.h">
      <Filter>Archivos de encabezado</Filter>
    </ClInclude>
    <ClInclude Include="..\..\Src\TFG-2023-2024-UCM\Camera.h">
      <Filter>Archivos de encabezado</Filter>
    </ClInclude>
    <ClInclude Include="..\..\Src\TFG-2023-2024-UCM\Viewport.h">
      <Filter>Archivos de encabezado</Filter>
    </ClInclude>
    <ClInclude Include="..\..\Src\TFG-2023-2024-UCM\Triangle.h">
      <Filter>Archivos de encabezado</Filter>
    </ClInclude>
    <ClInclude Include="..\..\Src\TFG-2023-2024-UCM\ParticleSimulation.h">
      <Filter>Archivos de encabezado</Filter>
    </ClInclude>
    <ClInclude Include="..\..\Src\TFG-2023-2024-UCM\Quad.h">
      <Filter>Archivos de encabezado</Filter>
    </ClInclude>
    <ClInclude Include="..\..\Src\TFG-2023-2024-UCM\Particle.h">
      <Filter>Archivos de encabezado</Filter>
    </ClInclude>
    <ClInclude Include="..\..\Src\TFG-2023-2024-UCM\Common_utils.h">
      <Filter>Archivos de encabezado</Filter>
    </ClInclude>
  </ItemGroup>
</Project>