
Microsoft Visual Studio Solution File, Format Version 12.00
# Visual Studio Version 17
VisualStudioVersion = 17.3.32922.545
MinimumVisualStudioVersion = 10.0.40219.1
Project("{8BC9CEB8-8B4A-11D0-8D11-00A0C91BC942}") = "TFG-2023-2024-UCM", "TFG-2023-2024-UCM\TFG-2023-2024-UCM.vcxproj", "{92336747-0C43-407F-B5E1-4B0951A2A32D}"
EndProject
Global
	GlobalSection(SolutionConfigurationPlatforms) = preSolution
		Debug|x64 = Debug|x64
		Debug|x86 = Debug|x86
		Release|x64 = Release|x64
		Release|x86 = Release|x86
	EndGlobalSection
	GlobalSection(ProjectConfigurationPlatforms) = postSolution
		{92336747-0C43-407F-B5E1-4B0951A2A32D}.Debug|x64.ActiveCfg = Debug|x64
		{92336747-0C43-407F-B5E1-4B0951A2A32D}.Debug|x64.Build.0 = Debug|x64
		{92336747-0C43-407F-B5E1-4B0951A2A32D}.Debug|x86.ActiveCfg = Debug|Win32
		{92336747-0C43-407F-B5E1-4B0951A2A32D}.Debug|x86.Build.0 = Debug|Win32
		{92336747-0C43-407F-B5E1-4B0951A2A32D}.Release|x64.ActiveCfg = Release|x64
		{92336747-0C43-407F-B5E1-4B0951A2A32D}.Release|x64.Build.0 = Release|x64
		{92336747-0C43-407F-B5E1-4B0951A2A32D}.Release|x86.ActiveCfg = Release|Win32
		{92336747-0C43-407F-B5E1-4B0951A2A32D}.Release|x86.Build.0 = Release|Win32
	EndGlobalSection
	GlobalSection(SolutionProperties) = preSolution
		HideSolutionNode = FALSE
	EndGlobalSection
	GlobalSection(ExtensibilityGlobals) = postSolution
		SolutionGuid = {509F21DA-64EC-49A8-A857-258655745162}
	EndGlobalSection
EndGlobal
